{
  "name": "powerbi-client-demo",
  "version": "1.0.0",
  "lockfileVersion": 2,
  "requires": true,
  "packages": {
    "": {
      "name": "powerbi-client-demo",
      "version": "1.0.0",
      "license": "MIT",
      "dependencies": {
        "bootstrap": "^4.1.2",
        "ecstatic": "^3.3.1",
        "es6-promise": "^3.2.2",
        "fetch": "^1.0.0",
        "http-server": "^0.9.0",
        "jquery": "^3.1.0",
        "powerbi-client": "file:..",
        "powerbi-report-authoring": "^1.1",
        "syntaxhighlighter": "4.0.1"
      },
      "devDependencies": {}
    },
    "..": {
      "version": "2.18.6",
      "license": "MIT",
      "dependencies": {
        "http-post-message": "^0.2",
        "powerbi-models": "^1.9.5",
        "powerbi-router": "^0.1",
        "window-post-message-proxy": "^0.2"
      },
      "devDependencies": {
        "@types/jasmine": "^3.5.10",
        "@types/jquery": "^3.3.34",
        "@types/jsen": "0.0.19",
        "@types/karma-jasmine": "^3.1.0",
        "@types/node": "^14.14.7",
        "@types/npm": "^2.0.31",
        "@typescript-eslint/eslint-plugin": "^4.7.0",
        "@typescript-eslint/parser": "^4.7.0",
        "del": "^2.2.2",
        "es6-promise": "^3.2.1",
        "eslint": "^7.13.0",
        "eslint-plugin-import": "^2.22.1",
        "eslint-plugin-jsdoc": "^30.7.7",
        "eslint-plugin-prefer-arrow": "^1.2.2",
        "gulp": "^4.0.2",
        "gulp-eslint": "^6.0.0",
        "gulp-flatten": "^0.2.0",
        "gulp-gh-pages": "^0.5.4",
        "gulp-header": "^1.8.7",
        "gulp-help-four": "^0.2.3",
        "gulp-rename": "^1.2.2",
        "gulp-replace": "^0.5.4",
        "gulp-typedoc": "^2.0.0",
        "gulp-typescript": "^4.0.1",
        "gulp-watch": "^5.0.1",
        "gulp4-run-sequence": "^1.0.0",
        "http-server": "^0.12.1",
        "ignore-loader": "^0.1.1",
        "jasmine-core": "^2.99.1",
        "jquery": "^3.3.1",
        "json-loader": "^0.5.4",
        "karma": "^5.2.3",
        "karma-chrome-launcher": "^3.1.0",
        "karma-coverage": "^2.0.3",
        "karma-firefox-launcher": "^1.2.0",
        "karma-jasmine": "^0.3.8",
        "karma-jasmine-html-reporter": "^0.2.2",
        "karma-phantomjs-launcher": "^1.0.4",
        "karma-spec-reporter": "0.0.32",
        "moment": "^2.14.1",
        "phantomjs-prebuilt": "^2.1.16",
        "ts-loader": "^6.2.2",
        "typedoc": "^0.15.0",
        "typescript": "^4.1.3",
        "webpack": "^4.44.2",
        "webpack-stream": "^5.2.1",
        "yargs": "^16.1.0"
      }
    },
    "node_modules/async": {
      "version": "0.9.0",
      "resolved": "https://registry.npmjs.org/async/-/async-0.9.0.tgz",
      "integrity": "sha1-rDYTsdqb7RtHUQu0ZRuJMeRxRsc="
    },
    "node_modules/biskviit": {
      "version": "1.0.1",
      "resolved": "https://registry.npmjs.org/biskviit/-/biskviit-1.0.1.tgz",
      "integrity": "sha1-A3oM1LcbnjMf2QoRIt4X3EnkIKc=",
      "dependencies": {
        "psl": "^1.1.7"
      },
      "engines": {
        "node": ">=1.0.0"
      }
    },
    "node_modules/bootstrap": {
      "version": "4.6.0",
      "resolved": "https://registry.npmjs.org/bootstrap/-/bootstrap-4.6.0.tgz",
      "integrity": "sha512-Io55IuQY3kydzHtbGvQya3H+KorS/M9rSNyfCGCg9WZ4pyT/lCxIlpJgG1GXW/PswzC84Tr2fBYi+7+jFVQQBw==",
      "funding": {
        "type": "opencollective",
        "url": "https://opencollective.com/bootstrap"
      },
      "peerDependencies": {
        "jquery": "1.9.1 - 3",
        "popper.js": "^1.16.1"
      }
    },
    "node_modules/brush-base": {
      "version": "4.0.0",
      "resolved": "https://registry.npmjs.org/brush-base/-/brush-base-4.0.0.tgz",
      "integrity": "sha1-OtOtB8zz7mDIvbYpeZyAOge4ptA=",
      "dependencies": {
        "syntaxhighlighter-html-renderer": "^4.0.0",
        "syntaxhighlighter-match": "^4.0.0",
        "syntaxhighlighter-regex": "^4.0.0"
      },
      "engines": {
        "node": ">=4",
        "npm": ">=2"
      }
    },
    "node_modules/colors": {
      "version": "1.0.3",
      "resolved": "https://registry.npmjs.org/colors/-/colors-1.0.3.tgz",
      "integrity": "sha1-BDP0TYCWgP3rYO0mDxsMJi6CpAs=",
      "engines": {
        "node": ">=0.1.90"
      }
    },
    "node_modules/corser": {
      "version": "2.0.1",
      "resolved": "https://registry.npmjs.org/corser/-/corser-2.0.1.tgz",
      "integrity": "sha1-jtolLsqrWEDc2XXOuQ2TcMgZ/4c=",
      "engines": {
        "node": ">= 0.4.0"
      }
    },
    "node_modules/domready": {
      "version": "1.0.8",
      "resolved": "https://registry.npmjs.org/domready/-/domready-1.0.8.tgz",
      "integrity": "sha1-kfJS5Ze2Wvd+dFriTdAYXV4m1Yw="
    },
    "node_modules/ecstatic": {
      "version": "3.3.2",
      "resolved": "https://registry.npmjs.org/ecstatic/-/ecstatic-3.3.2.tgz",
      "integrity": "sha512-fLf9l1hnwrHI2xn9mEDT7KIi22UDqA2jaCwyCbSUJh9a1V+LEUSL/JO/6TIz/QyuBURWUHrFL5Kg2TtO1bkkog==",
      "deprecated": "This package is unmaintained and deprecated. See the GH Issue 259.",
      "dependencies": {
        "he": "^1.1.1",
        "mime": "^1.6.0",
        "minimist": "^1.1.0",
        "url-join": "^2.0.5"
      },
      "bin": {
        "ecstatic": "lib/ecstatic.js"
      }
    },
    "node_modules/encoding": {
      "version": "0.1.12",
      "resolved": "https://registry.npmjs.org/encoding/-/encoding-0.1.12.tgz",
      "integrity": "sha1-U4tm8+5izRq1HsMjgp0flIDHS+s=",
      "dependencies": {
        "iconv-lite": "~0.4.13"
      }
    },
    "node_modules/es6-promise": {
      "version": "3.3.1",
      "resolved": "https://registry.npmjs.org/es6-promise/-/es6-promise-3.3.1.tgz",
      "integrity": "sha1-oIzd6EzNvzTQJ6FFG8kdS80ophM="
    },
    "node_modules/eventemitter3": {
      "version": "4.0.7",
      "resolved": "https://registry.npmjs.org/eventemitter3/-/eventemitter3-4.0.7.tgz",
      "integrity": "sha512-8guHBZCwKnFhYdHr2ysuRWErTwhoN2X8XELRlrRwpmfeY2jjuUN4taQMsULKUVo1K4DvZl+0pgfyoysHxvmvEw=="
    },
    "node_modules/fetch": {
      "version": "1.1.0",
      "resolved": "https://registry.npmjs.org/fetch/-/fetch-1.1.0.tgz",
      "integrity": "sha1-CoJ58Gvjf58Ou1Z1YKMKSA2lmi4=",
      "dependencies": {
        "biskviit": "1.0.1",
        "encoding": "0.1.12"
      }
    },
    "node_modules/follow-redirects": {
      "version": "1.14.4",
      "resolved": "https://registry.npmjs.org/follow-redirects/-/follow-redirects-1.14.4.tgz",
      "integrity": "sha512-zwGkiSXC1MUJG/qmeIFH2HBJx9u0V46QGUe3YR1fXG8bXQxq7fLj0RjLZQ5nubr9qNJUZrH+xUcwXEoXNpfS+g==",
      "funding": [
        {
          "type": "individual",
          "url": "https://github.com/sponsors/RubenVerborgh"
        }
      ],
      "engines": {
        "node": ">=4.0"
      },
      "peerDependenciesMeta": {
        "debug": {
          "optional": true
        }
      }
    },
    "node_modules/he": {
      "version": "1.2.0",
      "resolved": "https://registry.npmjs.org/he/-/he-1.2.0.tgz",
      "integrity": "sha512-F/1DnUGPopORZi0ni+CvrCgHQ5FyEAHRLSApuYWMmrbSwoN2Mn/7k+Gl38gJnR7yyDZk6WLXwiGod1JOWNDKGw==",
      "bin": {
        "he": "bin/he"
      }
    },
    "node_modules/http-post-message": {
      "version": "0.2.3",
      "resolved": "https://registry.npmjs.org/http-post-message/-/http-post-message-0.2.3.tgz",
      "integrity": "sha1-MsVgrGFfMQp+RZ/8cSd7V5skLh4=",
      "dependencies": {
        "es6-promise": "^3.2.1"
      }
    },
    "node_modules/http-proxy": {
      "version": "1.18.1",
      "resolved": "https://registry.npmjs.org/http-proxy/-/http-proxy-1.18.1.tgz",
      "integrity": "sha512-7mz/721AbnJwIVbnaSv1Cz3Am0ZLT/UBwkC92VlxhXv/k/BBQfM2fXElQNC27BVGr0uwUpplYPQM9LnaBMR5NQ==",
      "dependencies": {
        "eventemitter3": "^4.0.0",
        "follow-redirects": "^1.0.0",
        "requires-port": "^1.0.0"
      },
      "engines": {
        "node": ">=8.0.0"
      }
    },
    "node_modules/http-server": {
      "version": "0.9.0",
      "resolved": "https://registry.npmjs.org/http-server/-/http-server-0.9.0.tgz",
      "integrity": "sha1-jxsGvcczYY1NxCgxx7oa/04GABo=",
      "dependencies": {
        "colors": "1.0.3",
        "corser": "~2.0.0",
        "ecstatic": "^1.4.0",
        "http-proxy": "^1.8.1",
        "opener": "~1.4.0",
        "optimist": "0.6.x",
        "portfinder": "0.4.x",
        "union": "~0.4.3"
      },
      "bin": {
        "hs": "bin/http-server",
        "http-server": "bin/http-server"
      }
    },
    "node_modules/http-server/node_modules/ecstatic": {
      "version": "1.4.1",
      "resolved": "https://registry.npmjs.org/ecstatic/-/ecstatic-1.4.1.tgz",
      "integrity": "sha1-Mst7b6LikNWGaGdNEV6PDD1WfWo=",
      "deprecated": "This package is unmaintained and deprecated. See the GH Issue 259.",
      "dependencies": {
        "he": "^0.5.0",
        "mime": "^1.2.11",
        "minimist": "^1.1.0",
        "url-join": "^1.0.0"
      },
      "bin": {
        "ecstatic": "lib/ecstatic.js"
      }
    },
    "node_modules/http-server/node_modules/he": {
      "version": "0.5.0",
      "resolved": "https://registry.npmjs.org/he/-/he-0.5.0.tgz",
      "integrity": "sha1-LAX/rvkLaOhg8/0rVO9YCYknfuI=",
      "bin": {
        "he": "bin/he"
      }
    },
    "node_modules/http-server/node_modules/url-join": {
      "version": "1.1.0",
      "resolved": "https://registry.npmjs.org/url-join/-/url-join-1.1.0.tgz",
      "integrity": "sha1-dBxsL0WWxIMNZxhGCSDQySIC3Hg="
    },
    "node_modules/iconv-lite": {
      "version": "0.4.24",
      "resolved": "https://registry.npmjs.org/iconv-lite/-/iconv-lite-0.4.24.tgz",
      "integrity": "sha512-v3MXnZAcvnywkTUEZomIActle7RXXeedOR31wwl7VlyoXO4Qi9arvSenNQWne1TcRwhCL1HwLI21bEqdpj8/rA==",
      "dependencies": {
        "safer-buffer": ">= 2.1.2 < 3"
      },
      "engines": {
        "node": ">=0.10.0"
      }
    },
    "node_modules/jquery": {
      "version": "3.6.0",
      "resolved": "https://registry.npmjs.org/jquery/-/jquery-3.6.0.tgz",
      "integrity": "sha512-JVzAR/AjBvVt2BmYhxRCSYysDsPcssdmTFnzyLEts9qNwmjmu4JTAMYubEfwVOSwpQ1I1sKKFcxhZCI2buerfw=="
    },
    "node_modules/mime": {
      "version": "1.6.0",
      "resolved": "https://registry.npmjs.org/mime/-/mime-1.6.0.tgz",
      "integrity": "sha512-x0Vn8spI+wuJ1O6S7gnbaQg8Pxh4NNHb7KSINmEWKiPE4RKOplvijn+NkmYmmRgP68mc70j2EbeTFRsrswaQeg==",
      "bin": {
        "mime": "cli.js"
      },
      "engines": {
        "node": ">=4"
      }
    },
    "node_modules/minimist": {
      "version": "1.2.5",
      "resolved": "https://registry.npmjs.org/minimist/-/minimist-1.2.5.tgz",
      "integrity": "sha512-FM9nNUYrRBAELZQT3xeZQ7fmMOBg6nWNmJKTcgsJeaLstP/UODVpGsr5OhXhhXg6f+qtJ8uiZ+PUxkDWcgIXLw=="
    },
    "node_modules/mkdirp": {
      "version": "0.5.5",
      "resolved": "https://registry.npmjs.org/mkdirp/-/mkdirp-0.5.5.tgz",
      "integrity": "sha512-NKmAlESf6jMGym1++R0Ra7wvhV+wFW63FaSOFPwRahvea0gMUcGUhVeAg/0BC0wiv9ih5NYPB1Wn1UEI1/L+xQ==",
      "dependencies": {
        "minimist": "^1.2.5"
      },
      "bin": {
        "mkdirp": "bin/cmd.js"
      }
    },
    "node_modules/opener": {
      "version": "1.4.3",
      "resolved": "https://registry.npmjs.org/opener/-/opener-1.4.3.tgz",
      "integrity": "sha1-XG2ixdflgx6P+jlklQ+NZnSskLg=",
      "bin": {
        "opener": "opener.js"
      }
    },
    "node_modules/optimist": {
      "version": "0.6.1",
      "resolved": "https://registry.npmjs.org/optimist/-/optimist-0.6.1.tgz",
      "integrity": "sha1-2j6nRob6IaGaERwybpDrFaAZZoY=",
      "dependencies": {
        "minimist": "~0.0.1",
        "wordwrap": "~0.0.2"
      }
    },
    "node_modules/optimist/node_modules/minimist": {
      "version": "0.0.10",
      "resolved": "https://registry.npmjs.org/minimist/-/minimist-0.0.10.tgz",
      "integrity": "sha1-3j+YVD2/lggr5IrRoMfNqDYwHc8="
    },
    "node_modules/opts-parser": {
      "version": "4.0.0",
      "resolved": "https://registry.npmjs.org/opts-parser/-/opts-parser-4.0.0.tgz",
      "integrity": "sha1-OiGBm4GUtDfAz86IbPhc3zhhE8E=",
      "dependencies": {
        "syntaxhighlighter-regex": "^4.0.0"
      },
      "engines": {
        "node": ">=4",
        "npm": ">=2"
      }
    },
    "node_modules/popper.js": {
      "version": "1.16.1",
      "resolved": "https://registry.npmjs.org/popper.js/-/popper.js-1.16.1.tgz",
      "integrity": "sha512-Wb4p1J4zyFTbM+u6WuO4XstYx4Ky9Cewe4DWrel7B0w6VVICvPwdOpotjzcf6eD8TsckVnIMNONQyPIUFOUbCQ==",
      "deprecated": "You can find the new Popper v2 at @popperjs/core, this package is dedicated to the legacy v1",
      "peer": true,
      "funding": {
        "type": "opencollective",
        "url": "https://opencollective.com/popperjs"
      }
    },
    "node_modules/portfinder": {
      "version": "0.4.0",
      "resolved": "https://registry.npmjs.org/portfinder/-/portfinder-0.4.0.tgz",
      "integrity": "sha1-o/+t/6/k+5jgYBqF7aJ8J86Eyh4=",
      "dependencies": {
        "async": "0.9.0",
        "mkdirp": "0.5.x"
      },
      "engines": {
        "node": ">= 0.8.0"
      }
    },
    "node_modules/powerbi-client": {
      "resolved": "..",
      "link": true
    },
    "node_modules/powerbi-models": {
      "version": "1.9.5",
      "resolved": "https://registry.npmjs.org/powerbi-models/-/powerbi-models-1.9.5.tgz",
      "integrity": "sha512-jK7veO4jbS06l3n7/v/tyDNLeOht/AiRwsjC7rW40fwJ9DSSHf3E3KYCwd1JyDLXamP/IxdEnFqLK8ayqRu1rA=="
    },
    "node_modules/powerbi-report-authoring": {
      "version": "1.1.1",
      "resolved": "https://registry.npmjs.org/powerbi-report-authoring/-/powerbi-report-authoring-1.1.1.tgz",
      "integrity": "sha512-ex+zkkLtqpPhLEODaxxUSENXM6KEu5lzNmIFZ2SWWGGVYl430lkJFUjlG35gjYIo9d/PgjOjW0fETeVNLPULFw==",
      "dependencies": {
        "http-post-message": "^0.2",
        "powerbi-client": "^2.13",
        "powerbi-models": "^1.4"
      }
    },
    "node_modules/psl": {
      "version": "1.8.0",
      "resolved": "https://registry.npmjs.org/psl/-/psl-1.8.0.tgz",
      "integrity": "sha512-RIdOzyoavK+hA18OGGWDqUTsCLhtA7IcZ/6NCs4fFJaHBDab+pDDmDIByWFRQJq2Cd7r1OoQxBGKOaztq+hjIQ=="
    },
    "node_modules/qs": {
      "version": "2.3.3",
      "resolved": "https://registry.npmjs.org/qs/-/qs-2.3.3.tgz",
      "integrity": "sha1-6eha2+ddoLvkyOBHaghikPhjtAQ="
    },
    "node_modules/requires-port": {
      "version": "1.0.0",
      "resolved": "https://registry.npmjs.org/requires-port/-/requires-port-1.0.0.tgz",
      "integrity": "sha1-kl0mAdOaxIXgkc8NpcbmlNw9yv8="
    },
    "node_modules/retabber": {
      "version": "4.0.0",
      "resolved": "https://registry.npmjs.org/retabber/-/retabber-4.0.0.tgz",
      "integrity": "sha1-kt3KLH34XtsDN7sz2Lm3Rflg+18=",
      "engines": {
        "node": ">=4",
        "npm": ">=2"
      }
    },
    "node_modules/safer-buffer": {
      "version": "2.1.2",
      "resolved": "https://registry.npmjs.org/safer-buffer/-/safer-buffer-2.1.2.tgz",
      "integrity": "sha512-YZo3K82SD7Riyi0E1EQPojLz7kpepnSQI9IyPbHHg1XXXevb5dJI7tpyN2ADxGcQbHG7vcyRHk0cbwqcQriUtg=="
    },
    "node_modules/syntaxhighlighter": {
      "version": "4.0.1",
      "resolved": "https://registry.npmjs.org/syntaxhighlighter/-/syntaxhighlighter-4.0.1.tgz",
      "integrity": "sha1-YS1VxPm5kVQtO5q8maIIHDHykSM=",
      "dependencies": {
        "brush-base": "^4.0.0",
        "domready": "^1.0.5",
        "opts-parser": "^4.0.0",
        "retabber": "^4.0.0",
        "syntaxhighlighter-html-renderer": "^4.0.0",
        "syntaxhighlighter-match": "^4.0.0",
        "syntaxhighlighter-regex": "^4.0.0",
        "unindenter": "^4.0.0"
      }
    },
    "node_modules/syntaxhighlighter-html-renderer": {
      "version": "4.0.0",
      "resolved": "https://registry.npmjs.org/syntaxhighlighter-html-renderer/-/syntaxhighlighter-html-renderer-4.0.0.tgz",
      "integrity": "sha1-lkDH93s+4xPo4x7sz3Tki4wBJNI=",
      "engines": {
        "node": ">=4",
        "npm": ">=2"
      }
    },
    "node_modules/syntaxhighlighter-match": {
      "version": "4.0.0",
      "resolved": "https://registry.npmjs.org/syntaxhighlighter-match/-/syntaxhighlighter-match-4.0.0.tgz",
      "integrity": "sha1-LahRVDPjKK/7TBzybZgXjOPWLwQ=",
      "dependencies": {
        "syntaxhighlighter-regex": "^4.0.0"
      },
      "engines": {
        "node": ">=4",
        "npm": ">=2"
      }
    },
    "node_modules/syntaxhighlighter-regex": {
      "version": "4.0.0",
      "resolved": "https://registry.npmjs.org/syntaxhighlighter-regex/-/syntaxhighlighter-regex-4.0.0.tgz",
      "integrity": "sha1-ThI6j1fcOLunuRzDMQGSBWncrzE=",
      "engines": {
        "node": ">=4",
        "npm": ">=2"
      }
    },
    "node_modules/unindenter": {
      "version": "4.0.0",
      "resolved": "https://registry.npmjs.org/unindenter/-/unindenter-4.0.0.tgz",
      "integrity": "sha1-W2fkJ/1IptIPuhyA7XV54G8V4UU=",
      "engines": {
        "node": ">=4",
        "npm": ">=2"
      }
    },
    "node_modules/union": {
      "version": "0.4.6",
      "resolved": "https://registry.npmjs.org/union/-/union-0.4.6.tgz",
      "integrity": "sha1-GY+9rrolTniLDvy2MLwR8kopWeA=",
      "dependencies": {
        "qs": "~2.3.3"
      },
      "engines": {
        "node": ">= 0.8.0"
      }
    },
    "node_modules/url-join": {
      "version": "2.0.5",
      "resolved": "https://registry.npmjs.org/url-join/-/url-join-2.0.5.tgz",
      "integrity": "sha1-WvIvGMBSoACkjXuCxenC4v7tpyg="
    },
    "node_modules/wordwrap": {
      "version": "0.0.3",
      "resolved": "https://registry.npmjs.org/wordwrap/-/wordwrap-0.0.3.tgz",
      "integrity": "sha1-o9XabNXAvAAI03I0u68b7WMFkQc=",
      "engines": {
        "node": ">=0.4.0"
      }
    }
  },
  "dependencies": {
    "async": {
      "version": "0.9.0",
      "resolved": "https://registry.npmjs.org/async/-/async-0.9.0.tgz",
      "integrity": "sha1-rDYTsdqb7RtHUQu0ZRuJMeRxRsc="
    },
    "biskviit": {
      "version": "1.0.1",
      "resolved": "https://registry.npmjs.org/biskviit/-/biskviit-1.0.1.tgz",
      "integrity": "sha1-A3oM1LcbnjMf2QoRIt4X3EnkIKc=",
      "requires": {
        "psl": "^1.1.7"
      }
    },
    "bootstrap": {
      "version": "4.6.0",
      "resolved": "https://registry.npmjs.org/bootstrap/-/bootstrap-4.6.0.tgz",
      "integrity": "sha512-Io55IuQY3kydzHtbGvQya3H+KorS/M9rSNyfCGCg9WZ4pyT/lCxIlpJgG1GXW/PswzC84Tr2fBYi+7+jFVQQBw==",
      "requires": {}
    },
    "brush-base": {
      "version": "4.0.0",
      "resolved": "https://registry.npmjs.org/brush-base/-/brush-base-4.0.0.tgz",
      "integrity": "sha1-OtOtB8zz7mDIvbYpeZyAOge4ptA=",
      "requires": {
        "syntaxhighlighter-html-renderer": "^4.0.0",
        "syntaxhighlighter-match": "^4.0.0",
        "syntaxhighlighter-regex": "^4.0.0"
      }
    },
    "colors": {
      "version": "1.0.3",
      "resolved": "https://registry.npmjs.org/colors/-/colors-1.0.3.tgz",
      "integrity": "sha1-BDP0TYCWgP3rYO0mDxsMJi6CpAs="
    },
    "corser": {
      "version": "2.0.1",
      "resolved": "https://registry.npmjs.org/corser/-/corser-2.0.1.tgz",
      "integrity": "sha1-jtolLsqrWEDc2XXOuQ2TcMgZ/4c="
    },
    "domready": {
      "version": "1.0.8",
      "resolved": "https://registry.npmjs.org/domready/-/domready-1.0.8.tgz",
      "integrity": "sha1-kfJS5Ze2Wvd+dFriTdAYXV4m1Yw="
    },
    "ecstatic": {
      "version": "3.3.2",
      "resolved": "https://registry.npmjs.org/ecstatic/-/ecstatic-3.3.2.tgz",
      "integrity": "sha512-fLf9l1hnwrHI2xn9mEDT7KIi22UDqA2jaCwyCbSUJh9a1V+LEUSL/JO/6TIz/QyuBURWUHrFL5Kg2TtO1bkkog==",
      "requires": {
        "he": "^1.1.1",
        "mime": "^1.6.0",
        "minimist": "^1.1.0",
        "url-join": "^2.0.5"
      }
    },
    "encoding": {
      "version": "0.1.12",
      "resolved": "https://registry.npmjs.org/encoding/-/encoding-0.1.12.tgz",
      "integrity": "sha1-U4tm8+5izRq1HsMjgp0flIDHS+s=",
      "requires": {
        "iconv-lite": "~0.4.13"
      }
    },
    "es6-promise": {
      "version": "3.3.1",
      "resolved": "https://registry.npmjs.org/es6-promise/-/es6-promise-3.3.1.tgz",
      "integrity": "sha1-oIzd6EzNvzTQJ6FFG8kdS80ophM="
    },
    "eventemitter3": {
      "version": "4.0.7",
      "resolved": "https://registry.npmjs.org/eventemitter3/-/eventemitter3-4.0.7.tgz",
      "integrity": "sha512-8guHBZCwKnFhYdHr2ysuRWErTwhoN2X8XELRlrRwpmfeY2jjuUN4taQMsULKUVo1K4DvZl+0pgfyoysHxvmvEw=="
    },
    "fetch": {
      "version": "1.1.0",
      "resolved": "https://registry.npmjs.org/fetch/-/fetch-1.1.0.tgz",
      "integrity": "sha1-CoJ58Gvjf58Ou1Z1YKMKSA2lmi4=",
      "requires": {
        "biskviit": "1.0.1",
        "encoding": "0.1.12"
      }
    },
    "follow-redirects": {
      "version": "1.14.4",
      "resolved": "https://registry.npmjs.org/follow-redirects/-/follow-redirects-1.14.4.tgz",
      "integrity": "sha512-zwGkiSXC1MUJG/qmeIFH2HBJx9u0V46QGUe3YR1fXG8bXQxq7fLj0RjLZQ5nubr9qNJUZrH+xUcwXEoXNpfS+g=="
    },
    "he": {
      "version": "1.2.0",
      "resolved": "https://registry.npmjs.org/he/-/he-1.2.0.tgz",
      "integrity": "sha512-F/1DnUGPopORZi0ni+CvrCgHQ5FyEAHRLSApuYWMmrbSwoN2Mn/7k+Gl38gJnR7yyDZk6WLXwiGod1JOWNDKGw=="
    },
    "http-post-message": {
      "version": "0.2.3",
      "resolved": "https://registry.npmjs.org/http-post-message/-/http-post-message-0.2.3.tgz",
      "integrity": "sha1-MsVgrGFfMQp+RZ/8cSd7V5skLh4=",
      "requires": {
        "es6-promise": "^3.2.1"
      }
    },
    "http-proxy": {
      "version": "1.18.1",
      "resolved": "https://registry.npmjs.org/http-proxy/-/http-proxy-1.18.1.tgz",
      "integrity": "sha512-7mz/721AbnJwIVbnaSv1Cz3Am0ZLT/UBwkC92VlxhXv/k/BBQfM2fXElQNC27BVGr0uwUpplYPQM9LnaBMR5NQ==",
      "requires": {
        "eventemitter3": "^4.0.0",
        "follow-redirects": "^1.0.0",
        "requires-port": "^1.0.0"
      }
    },
    "http-server": {
      "version": "0.9.0",
      "resolved": "https://registry.npmjs.org/http-server/-/http-server-0.9.0.tgz",
      "integrity": "sha1-jxsGvcczYY1NxCgxx7oa/04GABo=",
      "requires": {
        "colors": "1.0.3",
        "corser": "~2.0.0",
        "ecstatic": "^1.4.0",
        "http-proxy": "^1.8.1",
        "opener": "~1.4.0",
        "optimist": "0.6.x",
        "portfinder": "0.4.x",
        "union": "~0.4.3"
      },
      "dependencies": {
        "ecstatic": {
          "version": "1.4.1",
          "resolved": "https://registry.npmjs.org/ecstatic/-/ecstatic-1.4.1.tgz",
          "integrity": "sha1-Mst7b6LikNWGaGdNEV6PDD1WfWo=",
          "requires": {
            "he": "^0.5.0",
            "mime": "^1.2.11",
            "minimist": "^1.1.0",
            "url-join": "^1.0.0"
          }
        },
        "he": {
          "version": "0.5.0",
          "resolved": "https://registry.npmjs.org/he/-/he-0.5.0.tgz",
          "integrity": "sha1-LAX/rvkLaOhg8/0rVO9YCYknfuI="
        },
        "url-join": {
          "version": "1.1.0",
          "resolved": "https://registry.npmjs.org/url-join/-/url-join-1.1.0.tgz",
          "integrity": "sha1-dBxsL0WWxIMNZxhGCSDQySIC3Hg="
        }
      }
    },
    "iconv-lite": {
      "version": "0.4.24",
      "resolved": "https://registry.npmjs.org/iconv-lite/-/iconv-lite-0.4.24.tgz",
      "integrity": "sha512-v3MXnZAcvnywkTUEZomIActle7RXXeedOR31wwl7VlyoXO4Qi9arvSenNQWne1TcRwhCL1HwLI21bEqdpj8/rA==",
      "requires": {
        "safer-buffer": ">= 2.1.2 < 3"
      }
    },
    "jquery": {
      "version": "3.6.0",
      "resolved": "https://registry.npmjs.org/jquery/-/jquery-3.6.0.tgz",
      "integrity": "sha512-JVzAR/AjBvVt2BmYhxRCSYysDsPcssdmTFnzyLEts9qNwmjmu4JTAMYubEfwVOSwpQ1I1sKKFcxhZCI2buerfw=="
    },
    "mime": {
      "version": "1.6.0",
      "resolved": "https://registry.npmjs.org/mime/-/mime-1.6.0.tgz",
      "integrity": "sha512-x0Vn8spI+wuJ1O6S7gnbaQg8Pxh4NNHb7KSINmEWKiPE4RKOplvijn+NkmYmmRgP68mc70j2EbeTFRsrswaQeg=="
    },
    "minimist": {
      "version": "1.2.5",
      "resolved": "https://registry.npmjs.org/minimist/-/minimist-1.2.5.tgz",
      "integrity": "sha512-FM9nNUYrRBAELZQT3xeZQ7fmMOBg6nWNmJKTcgsJeaLstP/UODVpGsr5OhXhhXg6f+qtJ8uiZ+PUxkDWcgIXLw=="
    },
    "mkdirp": {
      "version": "0.5.5",
      "resolved": "https://registry.npmjs.org/mkdirp/-/mkdirp-0.5.5.tgz",
      "integrity": "sha512-NKmAlESf6jMGym1++R0Ra7wvhV+wFW63FaSOFPwRahvea0gMUcGUhVeAg/0BC0wiv9ih5NYPB1Wn1UEI1/L+xQ==",
      "requires": {
        "minimist": "^1.2.5"
      }
    },
    "opener": {
      "version": "1.4.3",
      "resolved": "https://registry.npmjs.org/opener/-/opener-1.4.3.tgz",
      "integrity": "sha1-XG2ixdflgx6P+jlklQ+NZnSskLg="
    },
    "optimist": {
      "version": "0.6.1",
      "resolved": "https://registry.npmjs.org/optimist/-/optimist-0.6.1.tgz",
      "integrity": "sha1-2j6nRob6IaGaERwybpDrFaAZZoY=",
      "requires": {
        "minimist": "~0.0.1",
        "wordwrap": "~0.0.2"
      },
      "dependencies": {
        "minimist": {
          "version": "0.0.10",
          "resolved": "https://registry.npmjs.org/minimist/-/minimist-0.0.10.tgz",
          "integrity": "sha1-3j+YVD2/lggr5IrRoMfNqDYwHc8="
        }
      }
    },
    "opts-parser": {
      "version": "4.0.0",
      "resolved": "https://registry.npmjs.org/opts-parser/-/opts-parser-4.0.0.tgz",
      "integrity": "sha1-OiGBm4GUtDfAz86IbPhc3zhhE8E=",
      "requires": {
        "syntaxhighlighter-regex": "^4.0.0"
      }
    },
    "popper.js": {
      "version": "1.16.1",
      "resolved": "https://registry.npmjs.org/popper.js/-/popper.js-1.16.1.tgz",
      "integrity": "sha512-Wb4p1J4zyFTbM+u6WuO4XstYx4Ky9Cewe4DWrel7B0w6VVICvPwdOpotjzcf6eD8TsckVnIMNONQyPIUFOUbCQ==",
      "peer": true
    },
    "portfinder": {
      "version": "0.4.0",
      "resolved": "https://registry.npmjs.org/portfinder/-/portfinder-0.4.0.tgz",
      "integrity": "sha1-o/+t/6/k+5jgYBqF7aJ8J86Eyh4=",
      "requires": {
        "async": "0.9.0",
        "mkdirp": "0.5.x"
      }
    },
    "powerbi-client": {
      "version": "file:..",
      "requires": {
        "@types/jasmine": "^3.5.10",
        "@types/jquery": "^3.3.34",
        "@types/jsen": "0.0.19",
        "@types/karma-jasmine": "^3.1.0",
        "@types/node": "^14.14.7",
        "@types/npm": "^2.0.31",
        "@typescript-eslint/eslint-plugin": "^4.7.0",
        "@typescript-eslint/parser": "^4.7.0",
        "del": "^2.2.2",
        "es6-promise": "^3.2.1",
        "eslint": "^7.13.0",
        "eslint-plugin-import": "^2.22.1",
        "eslint-plugin-jsdoc": "^30.7.7",
        "eslint-plugin-prefer-arrow": "^1.2.2",
        "gulp": "^4.0.2",
        "gulp-eslint": "^6.0.0",
        "gulp-flatten": "^0.2.0",
        "gulp-gh-pages": "^0.5.4",
        "gulp-header": "^1.8.7",
        "gulp-help-four": "^0.2.3",
        "gulp-rename": "^1.2.2",
        "gulp-replace": "^0.5.4",
        "gulp-typedoc": "^2.0.0",
        "gulp-typescript": "^4.0.1",
        "gulp-watch": "^5.0.1",
        "gulp4-run-sequence": "^1.0.0",
        "http-post-message": "^0.2",
        "http-server": "^0.12.1",
        "ignore-loader": "^0.1.1",
        "jasmine-core": "^2.99.1",
        "jquery": "^3.3.1",
        "json-loader": "^0.5.4",
        "karma": "^5.2.3",
        "karma-chrome-launcher": "^3.1.0",
        "karma-coverage": "^2.0.3",
        "karma-firefox-launcher": "^1.2.0",
        "karma-jasmine": "^0.3.8",
        "karma-jasmine-html-reporter": "^0.2.2",
        "karma-phantomjs-launcher": "^1.0.4",
        "karma-spec-reporter": "0.0.32",
        "moment": "^2.14.1",
        "phantomjs-prebuilt": "^2.1.16",
        "powerbi-models": "^1.9.5",
        "powerbi-router": "^0.1",
        "ts-loader": "^6.2.2",
        "typedoc": "^0.15.0",
        "typescript": "^4.1.3",
        "webpack": "^4.44.2",
        "webpack-stream": "^5.2.1",
        "window-post-message-proxy": "^0.2",
        "yargs": "^16.1.0"
      }
    },
    "powerbi-models": {
      "version": "1.9.5",
      "resolved": "https://registry.npmjs.org/powerbi-models/-/powerbi-models-1.9.5.tgz",
      "integrity": "sha512-jK7veO4jbS06l3n7/v/tyDNLeOht/AiRwsjC7rW40fwJ9DSSHf3E3KYCwd1JyDLXamP/IxdEnFqLK8ayqRu1rA=="
    },
    "powerbi-report-authoring": {
      "version": "1.1.1",
      "resolved": "https://registry.npmjs.org/powerbi-report-authoring/-/powerbi-report-authoring-1.1.1.tgz",
      "integrity": "sha512-ex+zkkLtqpPhLEODaxxUSENXM6KEu5lzNmIFZ2SWWGGVYl430lkJFUjlG35gjYIo9d/PgjOjW0fETeVNLPULFw==",
      "requires": {
        "http-post-message": "^0.2",
        "powerbi-client": "^2.13",
        "powerbi-models": "^1.4"
      }
    },
    "psl": {
      "version": "1.8.0",
      "resolved": "https://registry.npmjs.org/psl/-/psl-1.8.0.tgz",
      "integrity": "sha512-RIdOzyoavK+hA18OGGWDqUTsCLhtA7IcZ/6NCs4fFJaHBDab+pDDmDIByWFRQJq2Cd7r1OoQxBGKOaztq+hjIQ=="
    },
    "qs": {
      "version": "2.3.3",
      "resolved": "https://registry.npmjs.org/qs/-/qs-2.3.3.tgz",
      "integrity": "sha1-6eha2+ddoLvkyOBHaghikPhjtAQ="
    },
    "requires-port": {
      "version": "1.0.0",
      "resolved": "https://registry.npmjs.org/requires-port/-/requires-port-1.0.0.tgz",
      "integrity": "sha1-kl0mAdOaxIXgkc8NpcbmlNw9yv8="
    },
    "retabber": {
      "version": "4.0.0",
      "resolved": "https://registry.npmjs.org/retabber/-/retabber-4.0.0.tgz",
      "integrity": "sha1-kt3KLH34XtsDN7sz2Lm3Rflg+18="
    },
    "safer-buffer": {
      "version": "2.1.2",
      "resolved": "https://registry.npmjs.org/safer-buffer/-/safer-buffer-2.1.2.tgz",
      "integrity": "sha512-YZo3K82SD7Riyi0E1EQPojLz7kpepnSQI9IyPbHHg1XXXevb5dJI7tpyN2ADxGcQbHG7vcyRHk0cbwqcQriUtg=="
    },
    "syntaxhighlighter": {
      "version": "4.0.1",
      "resolved": "https://registry.npmjs.org/syntaxhighlighter/-/syntaxhighlighter-4.0.1.tgz",
      "integrity": "sha1-YS1VxPm5kVQtO5q8maIIHDHykSM=",
      "requires": {
        "brush-base": "^4.0.0",
        "domready": "^1.0.5",
        "opts-parser": "^4.0.0",
        "retabber": "^4.0.0",
        "syntaxhighlighter-html-renderer": "^4.0.0",
        "syntaxhighlighter-match": "^4.0.0",
        "syntaxhighlighter-regex": "^4.0.0",
        "unindenter": "^4.0.0"
      }
    },
    "syntaxhighlighter-html-renderer": {
      "version": "4.0.0",
      "resolved": "https://registry.npmjs.org/syntaxhighlighter-html-renderer/-/syntaxhighlighter-html-renderer-4.0.0.tgz",
      "integrity": "sha1-lkDH93s+4xPo4x7sz3Tki4wBJNI="
    },
    "syntaxhighlighter-match": {
      "version": "4.0.0",
      "resolved": "https://registry.npmjs.org/syntaxhighlighter-match/-/syntaxhighlighter-match-4.0.0.tgz",
      "integrity": "sha1-LahRVDPjKK/7TBzybZgXjOPWLwQ=",
      "requires": {
        "syntaxhighlighter-regex": "^4.0.0"
      }
    },
    "syntaxhighlighter-regex": {
      "version": "4.0.0",
      "resolved": "https://registry.npmjs.org/syntaxhighlighter-regex/-/syntaxhighlighter-regex-4.0.0.tgz",
      "integrity": "sha1-ThI6j1fcOLunuRzDMQGSBWncrzE="
    },
    "unindenter": {
      "version": "4.0.0",
      "resolved": "https://registry.npmjs.org/unindenter/-/unindenter-4.0.0.tgz",
      "integrity": "sha1-W2fkJ/1IptIPuhyA7XV54G8V4UU="
    },
    "union": {
      "version": "0.4.6",
      "resolved": "https://registry.npmjs.org/union/-/union-0.4.6.tgz",
      "integrity": "sha1-GY+9rrolTniLDvy2MLwR8kopWeA=",
      "requires": {
        "qs": "~2.3.3"
      }
    },
    "url-join": {
      "version": "2.0.5",
      "resolved": "https://registry.npmjs.org/url-join/-/url-join-2.0.5.tgz",
      "integrity": "sha1-WvIvGMBSoACkjXuCxenC4v7tpyg="
    },
    "wordwrap": {
      "version": "0.0.3",
      "resolved": "https://registry.npmjs.org/wordwrap/-/wordwrap-0.0.3.tgz",
      "integrity": "sha1-o9XabNXAvAAI03I0u68b7WMFkQc="
    }
  }
}
